
Microsoft Visual Studio Solution File, Format Version 12.00
# Visual Studio Version 17
VisualStudioVersion = 17.1.32228.430
MinimumVisualStudioVersion = 10.0.40219.1
Project("{2150E333-8FDC-42A3-9474-1A3956D46DE8}") = "src", "src", "{AFAA0841-BD93-466F-B8F4-FB4EEC86F1FC}"
EndProject
Project("{2150E333-8FDC-42A3-9474-1A3956D46DE8}") = "test", "test", "{F10AA149-2626-486E-85BB-9CD5365F3016}"
EndProject
Project("{9A19103F-16F7-4668-BE54-9A1E7A4F7556}") = "Soa.Sample.Tests", "test\Soa.Sample.Tests\Soa.Sample.Tests.csproj", "{0D4C5D00-C144-4213-A007-4B8944113AB1}"
EndProject
Project("{9A19103F-16F7-4668-BE54-9A1E7A4F7556}") = "Soa.Sample.Web.Tests", "test\Soa.Sample.Web.Tests\Soa.Sample.Web.Tests.csproj", "{5D441612-29CA-4DAD-9945-B9DE11CE026C}"
EndProject
Project("{2150E333-8FDC-42A3-9474-1A3956D46DE8}") = "sample", "sample", "{0276303C-44F9-4722-AB74-8E7B070D54E5}"
EndProject
Project("{9A19103F-16F7-4668-BE54-9A1E7A4F7556}") = "Soa", "src\Soa\Soa.csproj", "{251A2158-8DEE-40C4-A47F-0E9F82682A72}"
EndProject
Project("{9A19103F-16F7-4668-BE54-9A1E7A4F7556}") = "Soa.Client", "src\Soa.Client\Soa.Client.csproj", "{FC902922-0FF3-4D7B-B242-7E7016BF6199}"
EndProject
Project("{9A19103F-16F7-4668-BE54-9A1E7A4F7556}") = "Soa.Server", "src\Soa.Server\Soa.Server.csproj", "{E9CE1CC5-404C-46FB-BFB5-2E11618E8799}"
EndProject
Project("{2150E333-8FDC-42A3-9474-1A3956D46DE8}") = "SimpleRpcSample", "SimpleRpcSample", "{1320AED9-EF0E-46CE-8217-66B60716E91B}"
EndProject
Project("{2150E333-8FDC-42A3-9474-1A3956D46DE8}") = "Services", "Services", "{A1454022-3543-491D-A69B-0CF60CB253AC}"
EndProject
Project("{2150E333-8FDC-42A3-9474-1A3956D46DE8}") = "Services.Abstract", "Services.Abstract", "{622272CE-1939-42F9-AE5B-9DD438F21EBA}"
EndProject
Project("{9A19103F-16F7-4668-BE54-9A1E7A4F7556}") = "Soa.Sample.Core", "sample\MainHost\Soa.Sample.Core\Soa.Sample.Core.csproj", "{AC2964C6-F0FD-42F5-87AF-3081C52DDB35}"
EndProject
Project("{9A19103F-16F7-4668-BE54-9A1E7A4F7556}") = "Soa.Sample.Application", "sample\MainHost\Soa.Sample.Application\Soa.Sample.Application.csproj", "{9CCA1598-0163-45B5-A447-900EC5DE06AC}"
EndProject
Project("{9A19103F-16F7-4668-BE54-9A1E7A4F7556}") = "Soa.Sample.EntityFrameworkCore", "sample\MainHost\Soa.Sample.EntityFrameworkCore\Soa.Sample.EntityFrameworkCore.csproj", "{48E33BC1-7CA7-4FDE-AF5C-3F4247E32541}"
EndProject
Project("{9A19103F-16F7-4668-BE54-9A1E7A4F7556}") = "Soa.Sample.Web", "sample\MainHost\Soa.Sample.Web\Soa.Sample.Web.csproj", "{C8206E28-8557-4246-BE20-BD0E3189A21D}"
EndProject
Project("{9A19103F-16F7-4668-BE54-9A1E7A4F7556}") = "Soa.Sample.Service1", "sample\Services\Soa.Sample.Service1\Soa.Sample.Service1.csproj", "{102090EB-E58E-4BC6-8FD8-6EA176F81DE2}"
EndProject
Project("{9A19103F-16F7-4668-BE54-9A1E7A4F7556}") = "Soa.Sample.Service2", "sample\Services\Soa.Sample.Service2\Soa.Sample.Service2.csproj", "{C7DE8AB3-42A4-4FA1-BCAA-785BA922B3E2}"
EndProject
Project("{9A19103F-16F7-4668-BE54-9A1E7A4F7556}") = "Soa.Sample.IService1", "sample\Services.Abstract\Soa.Sample.IService1\Soa.Sample.IService1.csproj", "{B7FC4B73-18C1-44FE-91D2-F02C48B89A9B}"
EndProject
Project("{9A19103F-16F7-4668-BE54-9A1E7A4F7556}") = "Soa.Sample.IService2", "sample\Services.Abstract\Soa.Sample.IService2\Soa.Sample.IService2.csproj", "{4F8D0A41-B16B-4D6E-B0FA-55E6F6891AD5}"
EndProject
Project("{9A19103F-16F7-4668-BE54-9A1E7A4F7556}") = "Soa.Sample.Service1.Host", "sample\Services\Soa.Sample.Service1.Host\Soa.Sample.Service1.Host.csproj", "{B8EA0D36-790F-4956-9681-415C061E0CEA}"
EndProject
Project("{9A19103F-16F7-4668-BE54-9A1E7A4F7556}") = "Soa.Sample.Service2.Host", "sample\Services\Soa.Sample.Service2.Host\Soa.Sample.Service2.Host.csproj", "{3E49AD5D-B339-4442-84C0-8D856DC9182F}"
EndProject
Project("{2150E333-8FDC-42A3-9474-1A3956D46DE8}") = "scripts", "scripts", "{07DDDAE3-217E-4482-9E06-E98E5DF90FAF}"
	ProjectSection(SolutionItems) = preProject
		dbscript\authorized_service_db.sql = dbscript\authorized_service_db.sql
		dbscript\gateway_sampledb.sql = dbscript\gateway_sampledb.sql
		dbscript\sampledb.sql = dbscript\sampledb.sql
	EndProjectSection
EndProject
Project("{2150E333-8FDC-42A3-9474-1A3956D46DE8}") = "GatewaySample", "GatewaySample", "{677EB9F9-3874-4F61-9612-65273A8CD143}"
EndProject
Project("{9A19103F-16F7-4668-BE54-9A1E7A4F7556}") = "Soa.GatewaySample.Application", "sample\MainHost\Soa.GatewaySample.Application\Soa.GatewaySample.Application.csproj", "{B3A5BC8C-B949-4F78-9CC2-66395278268E}"
EndProject
Project("{9A19103F-16F7-4668-BE54-9A1E7A4F7556}") = "Soa.GatewaySample.Core", "sample\MainHost\Soa.GatewaySample.Core\Soa.GatewaySample.Core.csproj", "{FE6DA911-4B81-43F9-925B-56CF145D79A5}"
EndProject
Project("{9A19103F-16F7-4668-BE54-9A1E7A4F7556}") = "Soa.GatewaySample.EntityFrameworkCore", "sample\MainHost\Soa.GatewaySample.EntityFrameworkCore\Soa.GatewaySample.EntityFrameworkCore.csproj", "{E64BE27E-A01E-4921-8F08-DCD86CFC41E0}"
EndProject
Project("{9A19103F-16F7-4668-BE54-9A1E7A4F7556}") = "Soa.GatewaySample.Web.Core", "sample\MainHost\Soa.GatewaySample.Web.Core\Soa.GatewaySample.Web.Core.csproj", "{CBA6BE01-DB63-4AEE-86F2-7BE26D11E450}"
EndProject
Project("{9A19103F-16F7-4668-BE54-9A1E7A4F7556}") = "Soa.GatewaySample.Web.Host", "sample\MainHost\Soa.GatewaySample.Web.Host\Soa.GatewaySample.Web.Host.csproj", "{23CEDECA-2D0E-4E41-BCA2-EC646D1A7B0C}"
EndProject
Project("{9A19103F-16F7-4668-BE54-9A1E7A4F7556}") = "Soa.Sample.AuthorizedService.Host", "sample\Services\Soa.Sample.AuthorizedService.Host\Soa.Sample.AuthorizedService.Host.csproj", "{4D38B105-F9AF-4ACC-B354-03D14B450191}"
EndProject
Project("{9A19103F-16F7-4668-BE54-9A1E7A4F7556}") = "Soa.Sample.IAuthorizedService", "sample\Services.Abstract\Soa.Sample.IAuthorizedService\Soa.Sample.IAuthorizedService.csproj", "{C62068B4-C73C-45FA-B4CE-E405683F404E}"
EndProject
Project("{9A19103F-16F7-4668-BE54-9A1E7A4F7556}") = "Soa.Sample.AuthorizedService", "sample\Services\Soa.Sample.AuthorizedService\Soa.Sample.AuthorizedService.csproj", "{6FF5916A-260F-4654-8BEA-B3C69BAD90AC}"
EndProject
Project("{2150E333-8FDC-42A3-9474-1A3956D46DE8}") = "Service1", "Service1", "{BAFB4FA8-1DCE-4944-8AEC-038F0726859A}"
EndProject
Project("{2150E333-8FDC-42A3-9474-1A3956D46DE8}") = "Service2", "Service2", "{81F19997-B1D8-4FDE-B4E4-D35F555AD495}"
EndProject
Project("{2150E333-8FDC-42A3-9474-1A3956D46DE8}") = "AuthorizedService", "AuthorizedService", "{7A5437A2-56BD-4751-A8AB-B16952833320}"
EndProject
Project("{9A19103F-16F7-4668-BE54-9A1E7A4F7556}") = "Soa.Sample.AuthorizedService.EntityFrameworkCore", "sample\Services\Soa.Sample.AuthorizedService.EntityFrameworkCore\Soa.Sample.AuthorizedService.EntityFrameworkCore.csproj", "{B4291F75-9203-49F0-A993-CFAED6761369}"
EndProject
Project("{9A19103F-16F7-4668-BE54-9A1E7A4F7556}") = "Soa.GatewaySample.Migrator", "sample\MainHost\Soa.GatewaySample.Migrator\Soa.GatewaySample.Migrator.csproj", "{7D4EB60C-0EDE-4E7A-A255-ECC11DBED1B6}"
EndProject
Global
	GlobalSection(SolutionConfigurationPlatforms) = preSolution
		Debug|Any CPU = Debug|Any CPU
		Release|Any CPU = Release|Any CPU
	EndGlobalSection
	GlobalSection(ProjectConfigurationPlatforms) = postSolution
		{0D4C5D00-C144-4213-A007-4B8944113AB1}.Debug|Any CPU.ActiveCfg = Debug|Any CPU
		{0D4C5D00-C144-4213-A007-4B8944113AB1}.Debug|Any CPU.Build.0 = Debug|Any CPU
		{0D4C5D00-C144-4213-A007-4B8944113AB1}.Release|Any CPU.ActiveCfg = Release|Any CPU
		{0D4C5D00-C144-4213-A007-4B8944113AB1}.Release|Any CPU.Build.0 = Release|Any CPU
		{5D441612-29CA-4DAD-9945-B9DE11CE026C}.Debug|Any CPU.ActiveCfg = Debug|Any CPU
		{5D441612-29CA-4DAD-9945-B9DE11CE026C}.Debug|Any CPU.Build.0 = Debug|Any CPU
		{5D441612-29CA-4DAD-9945-B9DE11CE026C}.Release|Any CPU.ActiveCfg = Release|Any CPU
		{5D441612-29CA-4DAD-9945-B9DE11CE026C}.Release|Any CPU.Build.0 = Release|Any CPU
		{251A2158-8DEE-40C4-A47F-0E9F82682A72}.Debug|Any CPU.ActiveCfg = Debug|Any CPU
		{251A2158-8DEE-40C4-A47F-0E9F82682A72}.Debug|Any CPU.Build.0 = Debug|Any CPU
		{251A2158-8DEE-40C4-A47F-0E9F82682A72}.Release|Any CPU.ActiveCfg = Release|Any CPU
		{251A2158-8DEE-40C4-A47F-0E9F82682A72}.Release|Any CPU.Build.0 = Release|Any CPU
		{FC902922-0FF3-4D7B-B242-7E7016BF6199}.Debug|Any CPU.ActiveCfg = Debug|Any CPU
		{FC902922-0FF3-4D7B-B242-7E7016BF6199}.Debug|Any CPU.Build.0 = Debug|Any CPU
		{FC902922-0FF3-4D7B-B242-7E7016BF6199}.Release|Any CPU.ActiveCfg = Release|Any CPU
		{FC902922-0FF3-4D7B-B242-7E7016BF6199}.Release|Any CPU.Build.0 = Release|Any CPU
		{E9CE1CC5-404C-46FB-BFB5-2E11618E8799}.Debug|Any CPU.ActiveCfg = Debug|Any CPU
		{E9CE1CC5-404C-46FB-BFB5-2E11618E8799}.Debug|Any CPU.Build.0 = Debug|Any CPU
		{E9CE1CC5-404C-46FB-BFB5-2E11618E8799}.Release|Any CPU.ActiveCfg = Release|Any CPU
		{E9CE1CC5-404C-46FB-BFB5-2E11618E8799}.Release|Any CPU.Build.0 = Release|Any CPU
		{AC2964C6-F0FD-42F5-87AF-3081C52DDB35}.Debug|Any CPU.ActiveCfg = Debug|Any CPU
		{AC2964C6-F0FD-42F5-87AF-3081C52DDB35}.Debug|Any CPU.Build.0 = Debug|Any CPU
		{AC2964C6-F0FD-42F5-87AF-3081C52DDB35}.Release|Any CPU.ActiveCfg = Release|Any CPU
		{AC2964C6-F0FD-42F5-87AF-3081C52DDB35}.Release|Any CPU.Build.0 = Release|Any CPU
		{9CCA1598-0163-45B5-A447-900EC5DE06AC}.Debug|Any CPU.ActiveCfg = Debug|Any CPU
		{9CCA1598-0163-45B5-A447-900EC5DE06AC}.Debug|Any CPU.Build.0 = Debug|Any CPU
		{9CCA1598-0163-45B5-A447-900EC5DE06AC}.Release|Any CPU.ActiveCfg = Release|Any CPU
		{9CCA1598-0163-45B5-A447-900EC5DE06AC}.Release|Any CPU.Build.0 = Release|Any CPU
		{48E33BC1-7CA7-4FDE-AF5C-3F4247E32541}.Debug|Any CPU.ActiveCfg = Debug|Any CPU
		{48E33BC1-7CA7-4FDE-AF5C-3F4247E32541}.Debug|Any CPU.Build.0 = Debug|Any CPU
		{48E33BC1-7CA7-4FDE-AF5C-3F4247E32541}.Release|Any CPU.ActiveCfg = Release|Any CPU
		{48E33BC1-7CA7-4FDE-AF5C-3F4247E32541}.Release|Any CPU.Build.0 = Release|Any CPU
		{C8206E28-8557-4246-BE20-BD0E3189A21D}.Debug|Any CPU.ActiveCfg = Debug|Any CPU
		{C8206E28-8557-4246-BE20-BD0E3189A21D}.Debug|Any CPU.Build.0 = Debug|Any CPU
		{C8206E28-8557-4246-BE20-BD0E3189A21D}.Release|Any CPU.ActiveCfg = Release|Any CPU
		{C8206E28-8557-4246-BE20-BD0E3189A21D}.Release|Any CPU.Build.0 = Release|Any CPU
		{102090EB-E58E-4BC6-8FD8-6EA176F81DE2}.Debug|Any CPU.ActiveCfg = Debug|Any CPU
		{102090EB-E58E-4BC6-8FD8-6EA176F81DE2}.Debug|Any CPU.Build.0 = Debug|Any CPU
		{102090EB-E58E-4BC6-8FD8-6EA176F81DE2}.Release|Any CPU.ActiveCfg = Release|Any CPU
		{102090EB-E58E-4BC6-8FD8-6EA176F81DE2}.Release|Any CPU.Build.0 = Release|Any CPU
		{C7DE8AB3-42A4-4FA1-BCAA-785BA922B3E2}.Debug|Any CPU.ActiveCfg = Debug|Any CPU
		{C7DE8AB3-42A4-4FA1-BCAA-785BA922B3E2}.Debug|Any CPU.Build.0 = Debug|Any CPU
		{C7DE8AB3-42A4-4FA1-BCAA-785BA922B3E2}.Release|Any CPU.ActiveCfg = Release|Any CPU
		{C7DE8AB3-42A4-4FA1-BCAA-785BA922B3E2}.Release|Any CPU.Build.0 = Release|Any CPU
		{B7FC4B73-18C1-44FE-91D2-F02C48B89A9B}.Debug|Any CPU.ActiveCfg = Debug|Any CPU
		{B7FC4B73-18C1-44FE-91D2-F02C48B89A9B}.Debug|Any CPU.Build.0 = Debug|Any CPU
		{B7FC4B73-18C1-44FE-91D2-F02C48B89A9B}.Release|Any CPU.ActiveCfg = Release|Any CPU
		{B7FC4B73-18C1-44FE-91D2-F02C48B89A9B}.Release|Any CPU.Build.0 = Release|Any CPU
		{4F8D0A41-B16B-4D6E-B0FA-55E6F6891AD5}.Debug|Any CPU.ActiveCfg = Debug|Any CPU
		{4F8D0A41-B16B-4D6E-B0FA-55E6F6891AD5}.Debug|Any CPU.Build.0 = Debug|Any CPU
		{4F8D0A41-B16B-4D6E-B0FA-55E6F6891AD5}.Release|Any CPU.ActiveCfg = Release|Any CPU
		{4F8D0A41-B16B-4D6E-B0FA-55E6F6891AD5}.Release|Any CPU.Build.0 = Release|Any CPU
		{B8EA0D36-790F-4956-9681-415C061E0CEA}.Debug|Any CPU.ActiveCfg = Debug|Any CPU
		{B8EA0D36-790F-4956-9681-415C061E0CEA}.Debug|Any CPU.Build.0 = Debug|Any CPU
		{B8EA0D36-790F-4956-9681-415C061E0CEA}.Release|Any CPU.ActiveCfg = Release|Any CPU
		{B8EA0D36-790F-4956-9681-415C061E0CEA}.Release|Any CPU.Build.0 = Release|Any CPU
		{3E49AD5D-B339-4442-84C0-8D856DC9182F}.Debug|Any CPU.ActiveCfg = Debug|Any CPU
		{3E49AD5D-B339-4442-84C0-8D856DC9182F}.Debug|Any CPU.Build.0 = Debug|Any CPU
		{3E49AD5D-B339-4442-84C0-8D856DC9182F}.Release|Any CPU.ActiveCfg = Release|Any CPU
		{3E49AD5D-B339-4442-84C0-8D856DC9182F}.Release|Any CPU.Build.0 = Release|Any CPU
		{B3A5BC8C-B949-4F78-9CC2-66395278268E}.Debug|Any CPU.ActiveCfg = Debug|Any CPU
		{B3A5BC8C-B949-4F78-9CC2-66395278268E}.Debug|Any CPU.Build.0 = Debug|Any CPU
		{B3A5BC8C-B949-4F78-9CC2-66395278268E}.Release|Any CPU.ActiveCfg = Release|Any CPU
		{B3A5BC8C-B949-4F78-9CC2-66395278268E}.Release|Any CPU.Build.0 = Release|Any CPU
		{FE6DA911-4B81-43F9-925B-56CF145D79A5}.Debug|Any CPU.ActiveCfg = Debug|Any CPU
		{FE6DA911-4B81-43F9-925B-56CF145D79A5}.Debug|Any CPU.Build.0 = Debug|Any CPU
		{FE6DA911-4B81-43F9-925B-56CF145D79A5}.Release|Any CPU.ActiveCfg = Release|Any CPU
		{FE6DA911-4B81-43F9-925B-56CF145D79A5}.Release|Any CPU.Build.0 = Release|Any CPU
		{E64BE27E-A01E-4921-8F08-DCD86CFC41E0}.Debug|Any CPU.ActiveCfg = Debug|Any CPU
		{E64BE27E-A01E-4921-8F08-DCD86CFC41E0}.Debug|Any CPU.Build.0 = Debug|Any CPU
		{E64BE27E-A01E-4921-8F08-DCD86CFC41E0}.Release|Any CPU.ActiveCfg = Release|Any CPU
		{E64BE27E-A01E-4921-8F08-DCD86CFC41E0}.Release|Any CPU.Build.0 = Release|Any CPU
		{CBA6BE01-DB63-4AEE-86F2-7BE26D11E450}.Debug|Any CPU.ActiveCfg = Debug|Any CPU
		{CBA6BE01-DB63-4AEE-86F2-7BE26D11E450}.Debug|Any CPU.Build.0 = Debug|Any CPU
		{CBA6BE01-DB63-4AEE-86F2-7BE26D11E450}.Release|Any CPU.ActiveCfg = Release|Any CPU
		{CBA6BE01-DB63-4AEE-86F2-7BE26D11E450}.Release|Any CPU.Build.0 = Release|Any CPU
		{23CEDECA-2D0E-4E41-BCA2-EC646D1A7B0C}.Debug|Any CPU.ActiveCfg = Debug|Any CPU
		{23CEDECA-2D0E-4E41-BCA2-EC646D1A7B0C}.Debug|Any CPU.Build.0 = Debug|Any CPU
		{23CEDECA-2D0E-4E41-BCA2-EC646D1A7B0C}.Release|Any CPU.ActiveCfg = Release|Any CPU
		{23CEDECA-2D0E-4E41-BCA2-EC646D1A7B0C}.Release|Any CPU.Build.0 = Release|Any CPU
		{4D38B105-F9AF-4ACC-B354-03D14B450191}.Debug|Any CPU.ActiveCfg = Debug|Any CPU
		{4D38B105-F9AF-4ACC-B354-03D14B450191}.Debug|Any CPU.Build.0 = Debug|Any CPU
		{4D38B105-F9AF-4ACC-B354-03D14B450191}.Release|Any CPU.ActiveCfg = Release|Any CPU
		{4D38B105-F9AF-4ACC-B354-03D14B450191}.Release|Any CPU.Build.0 = Release|Any CPU
		{C62068B4-C73C-45FA-B4CE-E405683F404E}.Debug|Any CPU.ActiveCfg = Debug|Any CPU
		{C62068B4-C73C-45FA-B4CE-E405683F404E}.Debug|Any CPU.Build.0 = Debug|Any CPU
		{C62068B4-C73C-45FA-B4CE-E405683F404E}.Release|Any CPU.ActiveCfg = Release|Any CPU
		{C62068B4-C73C-45FA-B4CE-E405683F404E}.Release|Any CPU.Build.0 = Release|Any CPU
		{6FF5916A-260F-4654-8BEA-B3C69BAD90AC}.Debug|Any CPU.ActiveCfg = Debug|Any CPU
		{6FF5916A-260F-4654-8BEA-B3C69BAD90AC}.Debug|Any CPU.Build.0 = Debug|Any CPU
		{6FF5916A-260F-4654-8BEA-B3C69BAD90AC}.Release|Any CPU.ActiveCfg = Release|Any CPU
		{6FF5916A-260F-4654-8BEA-B3C69BAD90AC}.Release|Any CPU.Build.0 = Release|Any CPU
		{B4291F75-9203-49F0-A993-CFAED6761369}.Debug|Any CPU.ActiveCfg = Debug|Any CPU
		{B4291F75-9203-49F0-A993-CFAED6761369}.Debug|Any CPU.Build.0 = Debug|Any CPU
		{B4291F75-9203-49F0-A993-CFAED6761369}.Release|Any CPU.ActiveCfg = Release|Any CPU
		{B4291F75-9203-49F0-A993-CFAED6761369}.Release|Any CPU.Build.0 = Release|Any CPU
		{7D4EB60C-0EDE-4E7A-A255-ECC11DBED1B6}.Debug|Any CPU.ActiveCfg = Debug|Any CPU
		{7D4EB60C-0EDE-4E7A-A255-ECC11DBED1B6}.Debug|Any CPU.Build.0 = Debug|Any CPU
		{7D4EB60C-0EDE-4E7A-A255-ECC11DBED1B6}.Release|Any CPU.ActiveCfg = Release|Any CPU
		{7D4EB60C-0EDE-4E7A-A255-ECC11DBED1B6}.Release|Any CPU.Build.0 = Release|Any CPU
	EndGlobalSection
	GlobalSection(SolutionProperties) = preSolution
		HideSolutionNode = FALSE
	EndGlobalSection
	GlobalSection(NestedProjects) = preSolution
		{0D4C5D00-C144-4213-A007-4B8944113AB1} = {F10AA149-2626-486E-85BB-9CD5365F3016}
		{5D441612-29CA-4DAD-9945-B9DE11CE026C} = {F10AA149-2626-486E-85BB-9CD5365F3016}
		{251A2158-8DEE-40C4-A47F-0E9F82682A72} = {AFAA0841-BD93-466F-B8F4-FB4EEC86F1FC}
		{FC902922-0FF3-4D7B-B242-7E7016BF6199} = {AFAA0841-BD93-466F-B8F4-FB4EEC86F1FC}
		{E9CE1CC5-404C-46FB-BFB5-2E11618E8799} = {AFAA0841-BD93-466F-B8F4-FB4EEC86F1FC}
		{1320AED9-EF0E-46CE-8217-66B60716E91B} = {0276303C-44F9-4722-AB74-8E7B070D54E5}
		{A1454022-3543-491D-A69B-0CF60CB253AC} = {0276303C-44F9-4722-AB74-8E7B070D54E5}
		{622272CE-1939-42F9-AE5B-9DD438F21EBA} = {0276303C-44F9-4722-AB74-8E7B070D54E5}
		{AC2964C6-F0FD-42F5-87AF-3081C52DDB35} = {1320AED9-EF0E-46CE-8217-66B60716E91B}
		{9CCA1598-0163-45B5-A447-900EC5DE06AC} = {1320AED9-EF0E-46CE-8217-66B60716E91B}
		{48E33BC1-7CA7-4FDE-AF5C-3F4247E32541} = {1320AED9-EF0E-46CE-8217-66B60716E91B}
		{C8206E28-8557-4246-BE20-BD0E3189A21D} = {1320AED9-EF0E-46CE-8217-66B60716E91B}
		{102090EB-E58E-4BC6-8FD8-6EA176F81DE2} = {BAFB4FA8-1DCE-4944-8AEC-038F0726859A}
		{C7DE8AB3-42A4-4FA1-BCAA-785BA922B3E2} = {81F19997-B1D8-4FDE-B4E4-D35F555AD495}
		{B7FC4B73-18C1-44FE-91D2-F02C48B89A9B} = {622272CE-1939-42F9-AE5B-9DD438F21EBA}
		{4F8D0A41-B16B-4D6E-B0FA-55E6F6891AD5} = {622272CE-1939-42F9-AE5B-9DD438F21EBA}
		{B8EA0D36-790F-4956-9681-415C061E0CEA} = {BAFB4FA8-1DCE-4944-8AEC-038F0726859A}
		{3E49AD5D-B339-4442-84C0-8D856DC9182F} = {81F19997-B1D8-4FDE-B4E4-D35F555AD495}
		{07DDDAE3-217E-4482-9E06-E98E5DF90FAF} = {0276303C-44F9-4722-AB74-8E7B070D54E5}
		{677EB9F9-3874-4F61-9612-65273A8CD143} = {0276303C-44F9-4722-AB74-8E7B070D54E5}
		{B3A5BC8C-B949-4F78-9CC2-66395278268E} = {677EB9F9-3874-4F61-9612-65273A8CD143}
		{FE6DA911-4B81-43F9-925B-56CF145D79A5} = {677EB9F9-3874-4F61-9612-65273A8CD143}
		{E64BE27E-A01E-4921-8F08-DCD86CFC41E0} = {677EB9F9-3874-4F61-9612-65273A8CD143}
		{CBA6BE01-DB63-4AEE-86F2-7BE26D11E450} = {677EB9F9-3874-4F61-9612-65273A8CD143}
		{23CEDECA-2D0E-4E41-BCA2-EC646D1A7B0C} = {677EB9F9-3874-4F61-9612-65273A8CD143}
		{4D38B105-F9AF-4ACC-B354-03D14B450191} = {7A5437A2-56BD-4751-A8AB-B16952833320}
		{C62068B4-C73C-45FA-B4CE-E405683F404E} = {622272CE-1939-42F9-AE5B-9DD438F21EBA}
		{6FF5916A-260F-4654-8BEA-B3C69BAD90AC} = {7A5437A2-56BD-4751-A8AB-B16952833320}
		{BAFB4FA8-1DCE-4944-8AEC-038F0726859A} = {A1454022-3543-491D-A69B-0CF60CB253AC}
		{81F19997-B1D8-4FDE-B4E4-D35F555AD495} = {A1454022-3543-491D-A69B-0CF60CB253AC}
		{7A5437A2-56BD-4751-A8AB-B16952833320} = {A1454022-3543-491D-A69B-0CF60CB253AC}
		{B4291F75-9203-49F0-A993-CFAED6761369} = {7A5437A2-56BD-4751-A8AB-B16952833320}
		{7D4EB60C-0EDE-4E7A-A255-ECC11DBED1B6} = {677EB9F9-3874-4F61-9612-65273A8CD143}
	EndGlobalSection
	GlobalSection(ExtensibilityGlobals) = postSolution
		SolutionGuid = {B516B1E8-1CEC-4BCC-BA92-93CB32845E37}
	EndGlobalSection
EndGlobal
